
Microsoft Visual Studio Solution File, Format Version 12.00
# Visual Studio Version 16
VisualStudioVersion = 16.0.30204.135
MinimumVisualStudioVersion = 10.0.40219.1
Project("{8BC9CEB8-8B4A-11D0-8D11-00A0C91BC942}") = "parser", "parser\parser.vcxproj", "{AA321F85-E989-4BD9-AA19-3617996FBAE4}"
EndProject
Global
	GlobalSection(SolutionConfigurationPlatforms) = preSolution
		Debug|x64 = Debug|x64
		Debug|x86 = Debug|x86
		Release|x64 = Release|x64
		Release|x86 = Release|x86
	EndGlobalSection
	GlobalSection(ProjectConfigurationPlatforms) = postSolution
		{AA321F85-E989-4BD9-AA19-3617996FBAE4}.Debug|x64.ActiveCfg = Debug|x64
		{AA321F85-E989-4BD9-AA19-3617996FBAE4}.Debug|x64.Build.0 = Debug|x64
		{AA321F85-E989-4BD9-AA19-3617996FBAE4}.Debug|x86.ActiveCfg = Debug|Win32
		{AA321F85-E989-4BD9-AA19-3617996FBAE4}.Debug|x86.Build.0 = Debug|Win32
		{AA321F85-E989-4BD9-AA19-3617996FBAE4}.Release|x64.ActiveCfg = Release|x64
		{AA321F85-E989-4BD9-AA19-3617996FBAE4}.Release|x64.Build.0 = Release|x64
		{AA321F85-E989-4BD9-AA19-3617996FBAE4}.Release|x86.ActiveCfg = Release|Win32
		{AA321F85-E989-4BD9-AA19-3617996FBAE4}.Release|x86.Build.0 = Release|Win32
	EndGlobalSection
	GlobalSection(SolutionProperties) = preSolution
		HideSolutionNode = FALSE
	EndGlobalSection
	GlobalSection(ExtensibilityGlobals) = postSolution
		SolutionGuid = {2911C849-C0E3-4E0F-9EF7-BCD7744CE1A5}
	EndGlobalSection
EndGlobal
